Run dotnet publish -c Release -r win-x64 --self-contained true /p:PublishSingleFile=true /p:PublishReadyToRun=true -o ./publish_output
MSBUILD : error MSB1003: Specify a project or solution file. The current working directory does not contain a project or solution file.
Error: Process completed with exit code 1.
